// !$*UTF8*$!
{
	archiveVersion = 1;
	classes = {
	};
	objectVersion = 48;
	objects = {

/* Begin PBXBuildFile section */
		4404E8071FACBB930086FE0C /* Pin.swift in Sources */ = {isa = PBXBuildFile; fileRef = 4404E8061FACBB930086FE0C /* Pin.swift */; };
		4412409E1FB49B8600D70B48 /* CreateReportController.swift in Sources */ = {isa = PBXBuildFile; fileRef = 4412409D1FB49B8600D70B48 /* CreateReportController.swift */; };
		4441A4041FBAD5880051C78D /* UIButton+DisclosureIcon.swift in Sources */ = {isa = PBXBuildFile; fileRef = 4441A4031FBAD5880051C78D /* UIButton+DisclosureIcon.swift */; };
		4441A4061FBAD5AF0051C78D /* UIImage+Alpha.swift in Sources */ = {isa = PBXBuildFile; fileRef = 4441A4051FBAD5AF0051C78D /* UIImage+Alpha.swift */; };
		44460B261FA225AA00A898AD /* CatcallerApiWrapper.swift in Sources */ = {isa = PBXBuildFile; fileRef = 44460B251FA225AA00A898AD /* CatcallerApiWrapper.swift */; };
		44572EC91FB1F42100FD0544 /* UIColor+FromHex.swift in Sources */ = {isa = PBXBuildFile; fileRef = 44572EC81FB1F42100FD0544 /* UIColor+FromHex.swift */; };
		44572ECD1FB2008500FD0544 /* RoundedButton.swift in Sources */ = {isa = PBXBuildFile; fileRef = 44572ECC1FB2008500FD0544 /* RoundedButton.swift */; };
		445FC6EE1FB4629A00C8EAB8 /* SummaryBar.swift in Sources */ = {isa = PBXBuildFile; fileRef = 445FC6ED1FB4629A00C8EAB8 /* SummaryBar.swift */; };
		446DEA1C1FA326E60086E7FD /* LoginController.swift in Sources */ = {isa = PBXBuildFile; fileRef = 446DEA1B1FA326E60086E7FD /* LoginController.swift */; };
		44B1A5681FBAE16500369623 /* CreateReportTableController.swift in Sources */ = {isa = PBXBuildFile; fileRef = 44B1A5671FBAE16500369623 /* CreateReportTableController.swift */; };
		44B1A56A1FBB274600369623 /* HarassmentTypesController.swift in Sources */ = {isa = PBXBuildFile; fileRef = 44B1A5691FBB274600369623 /* HarassmentTypesController.swift */; };
		44B1A56C1FBB3B3E00369623 /* HarassmentType.swift in Sources */ = {isa = PBXBuildFile; fileRef = 44B1A56B1FBB3B3E00369623 /* HarassmentType.swift */; };
		44B1A56E1FBB3E1600369623 /* HarassmentType+Printable.swift in Sources */ = {isa = PBXBuildFile; fileRef = 44B1A56D1FBB3E1600369623 /* HarassmentType+Printable.swift */; };
		44CE2AA31FA1D63C0011E8A1 /* AppDelegate.swift in Sources */ = {isa = PBXBuildFile; fileRef = 44CE2AA21FA1D63C0011E8A1 /* AppDelegate.swift */; };
		44CE2AA51FA1D63C0011E8A1 /* MapViewController.swift in Sources */ = {isa = PBXBuildFile; fileRef = 44CE2AA41FA1D63C0011E8A1 /* MapViewController.swift */; };
		44CE2AA81FA1D63C0011E8A1 /* Main.storyboard in Resources */ = {isa = PBXBuildFile; fileRef = 44CE2AA61FA1D63C0011E8A1 /* Main.storyboard */; };
		44CE2AAA1FA1D63C0011E8A1 /* Assets.xcassets in Resources */ = {isa = PBXBuildFile; fileRef = 44CE2AA91FA1D63C0011E8A1 /* Assets.xcassets */; };
		44CE2AAD1FA1D63C0011E8A1 /* LaunchScreen.storyboard in Resources */ = {isa = PBXBuildFile; fileRef = 44CE2AAB1FA1D63C0011E8A1 /* LaunchScreen.storyboard */; };
		44CE2AB81FA1D63C0011E8A1 /* CatcallerTests.swift in Sources */ = {isa = PBXBuildFile; fileRef = 44CE2AB71FA1D63C0011E8A1 /* CatcallerTests.swift */; };
		44E207F01FA218AF00D11CE0 /* CreateUserController.swift in Sources */ = {isa = PBXBuildFile; fileRef = 44E207EF1FA218AF00D11CE0 /* CreateUserController.swift */; };
		44F8E1E81FB34C9E001ECA2B /* Report.swift in Sources */ = {isa = PBXBuildFile; fileRef = 44F8E1E71FB34C9E001ECA2B /* Report.swift */; };
		44F8E1EA1FB34CB9001ECA2B /* Harassment.swift in Sources */ = {isa = PBXBuildFile; fileRef = 44F8E1E91FB34CB9001ECA2B /* Harassment.swift */; };
		44F8E1EC1FB44012001ECA2B /* BottomPanelView.swift in Sources */ = {isa = PBXBuildFile; fileRef = 44F8E1EB1FB44012001ECA2B /* BottomPanelView.swift */; };
		44F8E1EE1FB442EB001ECA2B /* CatcallerApiFormatter.swift in Sources */ = {isa = PBXBuildFile; fileRef = 44F8E1ED1FB442EB001ECA2B /* CatcallerApiFormatter.swift */; };
		44F8E1F01FB44767001ECA2B /* Location.swift in Sources */ = {isa = PBXBuildFile; fileRef = 44F8E1EF1FB44767001ECA2B /* Location.swift */; };
		86D3C00B4A6B8A9A55E1BD19 /* Pods_Catcaller.framework in Frameworks */ = {isa = PBXBuildFile; fileRef = A1B66DF004DDD0165C743045 /* Pods_Catcaller.framework */; };
/* End PBXBuildFile section */

/* Begin PBXContainerItemProxy section */
		44CE2AB41FA1D63C0011E8A1 /* PBXContainerItemProxy */ = {
			isa = PBXContainerItemProxy;
			containerPortal = 44CE2A971FA1D63B0011E8A1 /* Project object */;
			proxyType = 1;
			remoteGlobalIDString = 44CE2A9E1FA1D63B0011E8A1;
			remoteInfo = Catcaller;
		};
/* End PBXContainerItemProxy section */

/* Begin PBXFileReference section */
		3668988295C9526C3018BEA7 /* Pods-Catcaller.release.xcconfig */ = {isa = PBXFileReference; includeInIndex = 1; lastKnownFileType = text.xcconfig; name = "Pods-Catcaller.release.xcconfig"; path = "Pods/Target Support Files/Pods-Catcaller/Pods-Catcaller.release.xcconfig"; sourceTree = "<group>"; };
		4404E8061FACBB930086FE0C /* Pin.swift */ = {isa = PBXFileReference; lastKnownFileType = sourcecode.swift; path = Pin.swift; sourceTree = "<group>"; };
		4412409D1FB49B8600D70B48 /* CreateReportController.swift */ = {isa = PBXFileReference; lastKnownFileType = sourcecode.swift; path = CreateReportController.swift; sourceTree = "<group>"; };
		4441A4031FBAD5880051C78D /* UIButton+DisclosureIcon.swift */ = {isa = PBXFileReference; lastKnownFileType = sourcecode.swift; path = "UIButton+DisclosureIcon.swift"; sourceTree = "<group>"; };
		4441A4051FBAD5AF0051C78D /* UIImage+Alpha.swift */ = {isa = PBXFileReference; lastKnownFileType = sourcecode.swift; path = "UIImage+Alpha.swift"; sourceTree = "<group>"; };
		44460B251FA225AA00A898AD /* CatcallerApiWrapper.swift */ = {isa = PBXFileReference; lastKnownFileType = sourcecode.swift; path = CatcallerApiWrapper.swift; sourceTree = "<group>"; };
		44572EC81FB1F42100FD0544 /* UIColor+FromHex.swift */ = {isa = PBXFileReference; lastKnownFileType = sourcecode.swift; path = "UIColor+FromHex.swift"; sourceTree = "<group>"; };
		44572ECC1FB2008500FD0544 /* RoundedButton.swift */ = {isa = PBXFileReference; lastKnownFileType = sourcecode.swift; path = RoundedButton.swift; sourceTree = "<group>"; };
		445FC6ED1FB4629A00C8EAB8 /* SummaryBar.swift */ = {isa = PBXFileReference; lastKnownFileType = sourcecode.swift; path = SummaryBar.swift; sourceTree = "<group>"; };
		446DEA1B1FA326E60086E7FD /* LoginController.swift */ = {isa = PBXFileReference; lastKnownFileType = sourcecode.swift; path = LoginController.swift; sourceTree = "<group>"; };
		44B1A5671FBAE16500369623 /* CreateReportTableController.swift */ = {isa = PBXFileReference; lastKnownFileType = sourcecode.swift; path = CreateReportTableController.swift; sourceTree = "<group>"; };
		44B1A5691FBB274600369623 /* HarassmentTypesController.swift */ = {isa = PBXFileReference; lastKnownFileType = sourcecode.swift; path = HarassmentTypesController.swift; sourceTree = "<group>"; };
		44B1A56B1FBB3B3E00369623 /* HarassmentType.swift */ = {isa = PBXFileReference; lastKnownFileType = sourcecode.swift; path = HarassmentType.swift; sourceTree = "<group>"; };
		44B1A56D1FBB3E1600369623 /* HarassmentType+Printable.swift */ = {isa = PBXFileReference; lastKnownFileType = sourcecode.swift; path = "HarassmentType+Printable.swift"; sourceTree = "<group>"; };
		44CE2A9F1FA1D63C0011E8A1 /* Catcaller.app */ = {isa = PBXFileReference; explicitFileType = wrapper.application; includeInIndex = 0; path = Catcaller.app; sourceTree = BUILT_PRODUCTS_DIR; };
		44CE2AA21FA1D63C0011E8A1 /* AppDelegate.swift */ = {isa = PBXFileReference; lastKnownFileType = sourcecode.swift; path = AppDelegate.swift; sourceTree = "<group>"; };
		44CE2AA41FA1D63C0011E8A1 /* MapViewController.swift */ = {isa = PBXFileReference; lastKnownFileType = sourcecode.swift; path = MapViewController.swift; sourceTree = "<group>"; };
		44CE2AA71FA1D63C0011E8A1 /* Base */ = {isa = PBXFileReference; lastKnownFileType = file.storyboard; name = Base; path = Base.lproj/Main.storyboard; sourceTree = "<group>"; };
		44CE2AA91FA1D63C0011E8A1 /* Assets.xcassets */ = {isa = PBXFileReference; lastKnownFileType = folder.assetcatalog; path = Assets.xcassets; sourceTree = "<group>"; };
		44CE2AAC1FA1D63C0011E8A1 /* Base */ = {isa = PBXFileReference; lastKnownFileType = file.storyboard; name = Base; path = Base.lproj/LaunchScreen.storyboard; sourceTree = "<group>"; };
		44CE2AAE1FA1D63C0011E8A1 /* Info.plist */ = {isa = PBXFileReference; lastKnownFileType = text.plist.xml; path = Info.plist; sourceTree = "<group>"; };
		44CE2AB31FA1D63C0011E8A1 /* CatcallerTests.xctest */ = {isa = PBXFileReference; explicitFileType = wrapper.cfbundle; includeInIndex = 0; path = CatcallerTests.xctest; sourceTree = BUILT_PRODUCTS_DIR; };
		44CE2AB71FA1D63C0011E8A1 /* CatcallerTests.swift */ = {isa = PBXFileReference; lastKnownFileType = sourcecode.swift; path = CatcallerTests.swift; sourceTree = "<group>"; };
		44CE2AB91FA1D63C0011E8A1 /* Info.plist */ = {isa = PBXFileReference; lastKnownFileType = text.plist.xml; path = Info.plist; sourceTree = "<group>"; };
		44E207EF1FA218AF00D11CE0 /* CreateUserController.swift */ = {isa = PBXFileReference; lastKnownFileType = sourcecode.swift; path = CreateUserController.swift; sourceTree = "<group>"; };
		44F8E1E71FB34C9E001ECA2B /* Report.swift */ = {isa = PBXFileReference; lastKnownFileType = sourcecode.swift; path = Report.swift; sourceTree = "<group>"; };
		44F8E1E91FB34CB9001ECA2B /* Harassment.swift */ = {isa = PBXFileReference; lastKnownFileType = sourcecode.swift; path = Harassment.swift; sourceTree = "<group>"; };
		44F8E1EB1FB44012001ECA2B /* BottomPanelView.swift */ = {isa = PBXFileReference; lastKnownFileType = sourcecode.swift; path = BottomPanelView.swift; sourceTree = "<group>"; };
		44F8E1ED1FB442EB001ECA2B /* CatcallerApiFormatter.swift */ = {isa = PBXFileReference; lastKnownFileType = sourcecode.swift; path = CatcallerApiFormatter.swift; sourceTree = "<group>"; };
		44F8E1EF1FB44767001ECA2B /* Location.swift */ = {isa = PBXFileReference; lastKnownFileType = sourcecode.swift; path = Location.swift; sourceTree = "<group>"; };
		A1B66DF004DDD0165C743045 /* Pods_Catcaller.framework */ = {isa = PBXFileReference; explicitFileType = wrapper.framework; includeInIndex = 0; path = Pods_Catcaller.framework; sourceTree = BUILT_PRODUCTS_DIR; };
		DC18508E44E1BE3F274E7A69 /* Pods-Catcaller.debug.xcconfig */ = {isa = PBXFileReference; includeInIndex = 1; lastKnownFileType = text.xcconfig; name = "Pods-Catcaller.debug.xcconfig"; path = "Pods/Target Support Files/Pods-Catcaller/Pods-Catcaller.debug.xcconfig"; sourceTree = "<group>"; };
/* End PBXFileReference section */

/* Begin PBXFrameworksBuildPhase section */
		44CE2A9C1FA1D63B0011E8A1 /* Frameworks */ = {
			isa = PBXFrameworksBuildPhase;
			buildActionMask = 2147483647;
			files = (
				86D3C00B4A6B8A9A55E1BD19 /* Pods_Catcaller.framework in Frameworks */,
			);
			runOnlyForDeploymentPostprocessing = 0;
		};
		44CE2AB01FA1D63C0011E8A1 /* Frameworks */ = {
			isa = PBXFrameworksBuildPhase;
			buildActionMask = 2147483647;
			files = (
			);
			runOnlyForDeploymentPostprocessing = 0;
		};
/* End PBXFrameworksBuildPhase section */

/* Begin PBXGroup section */
		44460B241FA2258E00A898AD /* API */ = {
			isa = PBXGroup;
			children = (
				44460B251FA225AA00A898AD /* CatcallerApiWrapper.swift */,
				44F8E1ED1FB442EB001ECA2B /* CatcallerApiFormatter.swift */,
			);
			path = API;
			sourceTree = "<group>";
		};
		44572EC71FB1F40900FD0544 /* Extension */ = {
			isa = PBXGroup;
			children = (
				44B1A56D1FBB3E1600369623 /* HarassmentType+Printable.swift */,
				44572EC81FB1F42100FD0544 /* UIColor+FromHex.swift */,
				4441A4031FBAD5880051C78D /* UIButton+DisclosureIcon.swift */,
				4441A4051FBAD5AF0051C78D /* UIImage+Alpha.swift */,
			);
			path = Extension;
			sourceTree = "<group>";
		};
		44CE2A961FA1D63B0011E8A1 = {
			isa = PBXGroup;
			children = (
				44CE2AA11FA1D63C0011E8A1 /* Catcaller */,
				44CE2AB61FA1D63C0011E8A1 /* CatcallerTests */,
				44CE2AA01FA1D63C0011E8A1 /* Products */,
				C9C41762553E7680AFC2E4A8 /* Pods */,
				F830867F4CA265FBE3E1C277 /* Frameworks */,
			);
			sourceTree = "<group>";
		};
		44CE2AA01FA1D63C0011E8A1 /* Products */ = {
			isa = PBXGroup;
			children = (
				44CE2A9F1FA1D63C0011E8A1 /* Catcaller.app */,
				44CE2AB31FA1D63C0011E8A1 /* CatcallerTests.xctest */,
			);
			name = Products;
			sourceTree = "<group>";
		};
		44CE2AA11FA1D63C0011E8A1 /* Catcaller */ = {
			isa = PBXGroup;
			children = (
				44572EC71FB1F40900FD0544 /* Extension */,
				44460B241FA2258E00A898AD /* API */,
				44CE2AAE1FA1D63C0011E8A1 /* Info.plist */,
				44F65D721FA2213600E43783 /* Model */,
				44F65D711FA2212300E43783 /* View */,
				44E207EE1FA2163D00D11CE0 /* Controller */,
				44F65D701FA2210400E43783 /* Supporting Files */,
			);
			path = Catcaller;
			sourceTree = "<group>";
		};
		44CE2AB61FA1D63C0011E8A1 /* CatcallerTests */ = {
			isa = PBXGroup;
			children = (
				44CE2AB71FA1D63C0011E8A1 /* CatcallerTests.swift */,
				44CE2AB91FA1D63C0011E8A1 /* Info.plist */,
			);
			path = CatcallerTests;
			sourceTree = "<group>";
		};
		44E207EE1FA2163D00D11CE0 /* Controller */ = {
			isa = PBXGroup;
			children = (
				44CE2AA41FA1D63C0011E8A1 /* MapViewController.swift */,
				44E207EF1FA218AF00D11CE0 /* CreateUserController.swift */,
				446DEA1B1FA326E60086E7FD /* LoginController.swift */,
				4412409D1FB49B8600D70B48 /* CreateReportController.swift */,
				44B1A5671FBAE16500369623 /* CreateReportTableController.swift */,
				44B1A5691FBB274600369623 /* HarassmentTypesController.swift */,
			);
			path = Controller;
			sourceTree = "<group>";
		};
		44F65D701FA2210400E43783 /* Supporting Files */ = {
			isa = PBXGroup;
			children = (
				44CE2AA21FA1D63C0011E8A1 /* AppDelegate.swift */,
				44CE2AA91FA1D63C0011E8A1 /* Assets.xcassets */,
				44CE2AAB1FA1D63C0011E8A1 /* LaunchScreen.storyboard */,
			);
			path = "Supporting Files";
			sourceTree = "<group>";
		};
		44F65D711FA2212300E43783 /* View */ = {
			isa = PBXGroup;
			children = (
				44F8E1EB1FB44012001ECA2B /* BottomPanelView.swift */,
				4404E8061FACBB930086FE0C /* Pin.swift */,
				44CE2AA61FA1D63C0011E8A1 /* Main.storyboard */,
				44572ECC1FB2008500FD0544 /* RoundedButton.swift */,
				445FC6ED1FB4629A00C8EAB8 /* SummaryBar.swift */,
			);
			path = View;
			sourceTree = "<group>";
		};
		44F65D721FA2213600E43783 /* Model */ = {
			isa = PBXGroup;
			children = (
				44F8E1E71FB34C9E001ECA2B /* Report.swift */,
				44F8E1E91FB34CB9001ECA2B /* Harassment.swift */,
				44F8E1EF1FB44767001ECA2B /* Location.swift */,
				44B1A56B1FBB3B3E00369623 /* HarassmentType.swift */,
			);
			path = Model;
			sourceTree = "<group>";
		};
		C9C41762553E7680AFC2E4A8 /* Pods */ = {
			isa = PBXGroup;
			children = (
				DC18508E44E1BE3F274E7A69 /* Pods-Catcaller.debug.xcconfig */,
				3668988295C9526C3018BEA7 /* Pods-Catcaller.release.xcconfig */,
			);
			name = Pods;
			sourceTree = "<group>";
		};
		F830867F4CA265FBE3E1C277 /* Frameworks */ = {
			isa = PBXGroup;
			children = (
				A1B66DF004DDD0165C743045 /* Pods_Catcaller.framework */,
			);
			name = Frameworks;
			sourceTree = "<group>";
		};
/* End PBXGroup section */

/* Begin PBXNativeTarget section */
		44CE2A9E1FA1D63B0011E8A1 /* Catcaller */ = {
			isa = PBXNativeTarget;
			buildConfigurationList = 44CE2ABC1FA1D63C0011E8A1 /* Build configuration list for PBXNativeTarget "Catcaller" */;
			buildPhases = (
				9B04E752BBF4DF9E09BA7847 /* [CP] Check Pods Manifest.lock */,
				44CE2A9B1FA1D63B0011E8A1 /* Sources */,
				44CE2A9C1FA1D63B0011E8A1 /* Frameworks */,
				44CE2A9D1FA1D63B0011E8A1 /* Resources */,
				B013C77F93B45BE7F90131C2 /* [CP] Embed Pods Frameworks */,
				E35C1F1D856C443720008443 /* [CP] Copy Pods Resources */,
			);
			buildRules = (
			);
			dependencies = (
			);
			name = Catcaller;
			productName = Catcaller;
			productReference = 44CE2A9F1FA1D63C0011E8A1 /* Catcaller.app */;
			productType = "com.apple.product-type.application";
		};
		44CE2AB21FA1D63C0011E8A1 /* CatcallerTests */ = {
			isa = PBXNativeTarget;
			buildConfigurationList = 44CE2ABF1FA1D63C0011E8A1 /* Build configuration list for PBXNativeTarget "CatcallerTests" */;
			buildPhases = (
				44CE2AAF1FA1D63C0011E8A1 /* Sources */,
				44CE2AB01FA1D63C0011E8A1 /* Frameworks */,
				44CE2AB11FA1D63C0011E8A1 /* Resources */,
			);
			buildRules = (
			);
			dependencies = (
				44CE2AB51FA1D63C0011E8A1 /* PBXTargetDependency */,
			);
			name = CatcallerTests;
			productName = CatcallerTests;
			productReference = 44CE2AB31FA1D63C0011E8A1 /* CatcallerTests.xctest */;
			productType = "com.apple.product-type.bundle.unit-test";
		};
/* End PBXNativeTarget section */

/* Begin PBXProject section */
		44CE2A971FA1D63B0011E8A1 /* Project object */ = {
			isa = PBXProject;
			attributes = {
				LastSwiftUpdateCheck = 0900;
				LastUpgradeCheck = 0900;
				ORGANIZATIONNAME = "Nicolas Dreux";
				TargetAttributes = {
					44CE2A9E1FA1D63B0011E8A1 = {
						CreatedOnToolsVersion = 9.0.1;
						ProvisioningStyle = Automatic;
					};
					44CE2AB21FA1D63C0011E8A1 = {
						CreatedOnToolsVersion = 9.0.1;
						ProvisioningStyle = Automatic;
						TestTargetID = 44CE2A9E1FA1D63B0011E8A1;
					};
				};
			};
			buildConfigurationList = 44CE2A9A1FA1D63B0011E8A1 /* Build configuration list for PBXProject "Catcaller" */;
			compatibilityVersion = "Xcode 8.0";
			developmentRegion = en;
			hasScannedForEncodings = 0;
			knownRegions = (
				en,
				Base,
			);
			mainGroup = 44CE2A961FA1D63B0011E8A1;
			productRefGroup = 44CE2AA01FA1D63C0011E8A1 /* Products */;
			projectDirPath = "";
			projectRoot = "";
			targets = (
				44CE2A9E1FA1D63B0011E8A1 /* Catcaller */,
				44CE2AB21FA1D63C0011E8A1 /* CatcallerTests */,
			);
		};
/* End PBXProject section */

/* Begin PBXResourcesBuildPhase section */
		44CE2A9D1FA1D63B0011E8A1 /* Resources */ = {
			isa = PBXResourcesBuildPhase;
			buildActionMask = 2147483647;
			files = (
				44CE2AAD1FA1D63C0011E8A1 /* LaunchScreen.storyboard in Resources */,
				44CE2AAA1FA1D63C0011E8A1 /* Assets.xcassets in Resources */,
				44CE2AA81FA1D63C0011E8A1 /* Main.storyboard in Resources */,
			);
			runOnlyForDeploymentPostprocessing = 0;
		};
		44CE2AB11FA1D63C0011E8A1 /* Resources */ = {
			isa = PBXResourcesBuildPhase;
			buildActionMask = 2147483647;
			files = (
			);
			runOnlyForDeploymentPostprocessing = 0;
		};
/* End PBXResourcesBuildPhase section */

/* Begin PBXShellScriptBuildPhase section */
		9B04E752BBF4DF9E09BA7847 /* [CP] Check Pods Manifest.lock */ = {
			isa = PBXShellScriptBuildPhase;
			buildActionMask = 2147483647;
			files = (
			);
			inputPaths = (
				"${PODS_PODFILE_DIR_PATH}/Podfile.lock",
				"${PODS_ROOT}/Manifest.lock",
			);
			name = "[CP] Check Pods Manifest.lock";
			outputPaths = (
				"$(DERIVED_FILE_DIR)/Pods-Catcaller-checkManifestLockResult.txt",
			);
			runOnlyForDeploymentPostprocessing = 0;
			shellPath = /bin/sh;
			shellScript = "diff \"${PODS_PODFILE_DIR_PATH}/Podfile.lock\" \"${PODS_ROOT}/Manifest.lock\" > /dev/null\nif [ $? != 0 ] ; then\n    # print error to STDERR\n    echo \"error: The sandbox is not in sync with the Podfile.lock. Run 'pod install' or update your CocoaPods installation.\" >&2\n    exit 1\nfi\n# This output is used by Xcode 'outputs' to avoid re-running this script phase.\necho \"SUCCESS\" > \"${SCRIPT_OUTPUT_FILE_0}\"\n";
			showEnvVarsInLog = 0;
		};
		B013C77F93B45BE7F90131C2 /* [CP] Embed Pods Frameworks */ = {
			isa = PBXShellScriptBuildPhase;
			buildActionMask = 2147483647;
			files = (
			);
			inputPaths = (
				"${SRCROOT}/Pods/Target Support Files/Pods-Catcaller/Pods-Catcaller-frameworks.sh",
				"${BUILT_PRODUCTS_DIR}/Alamofire/Alamofire.framework",
				"${BUILT_PRODUCTS_DIR}/IQKeyboardManagerSwift/IQKeyboardManagerSwift.framework",
				"${BUILT_PRODUCTS_DIR}/SwiftyJSON/SwiftyJSON.framework",
			);
			name = "[CP] Embed Pods Frameworks";
			outputPaths = (
				"${TARGET_BUILD_DIR}/${FRAMEWORKS_FOLDER_PATH}/Alamofire.framework",
				"${TARGET_BUILD_DIR}/${FRAMEWORKS_FOLDER_PATH}/IQKeyboardManagerSwift.framework",
				"${TARGET_BUILD_DIR}/${FRAMEWORKS_FOLDER_PATH}/SwiftyJSON.framework",
			);
			runOnlyForDeploymentPostprocessing = 0;
			shellPath = /bin/sh;
			shellScript = "\"${SRCROOT}/Pods/Target Support Files/Pods-Catcaller/Pods-Catcaller-frameworks.sh\"\n";
			showEnvVarsInLog = 0;
		};
		E35C1F1D856C443720008443 /* [CP] Copy Pods Resources */ = {
			isa = PBXShellScriptBuildPhase;
			buildActionMask = 2147483647;
			files = (
			);
			inputPaths = (
			);
			name = "[CP] Copy Pods Resources";
			outputPaths = (
			);
			runOnlyForDeploymentPostprocessing = 0;
			shellPath = /bin/sh;
			shellScript = "\"${SRCROOT}/Pods/Target Support Files/Pods-Catcaller/Pods-Catcaller-resources.sh\"\n";
			showEnvVarsInLog = 0;
		};
/* End PBXShellScriptBuildPhase section */

/* Begin PBXSourcesBuildPhase section */
		44CE2A9B1FA1D63B0011E8A1 /* Sources */ = {
			isa = PBXSourcesBuildPhase;
			buildActionMask = 2147483647;
			files = (
				44B1A56E1FBB3E1600369623 /* HarassmentType+Printable.swift in Sources */,
				44CE2AA51FA1D63C0011E8A1 /* MapViewController.swift in Sources */,
				44CE2AA31FA1D63C0011E8A1 /* AppDelegate.swift in Sources */,
				44460B261FA225AA00A898AD /* CatcallerApiWrapper.swift in Sources */,
				44572ECD1FB2008500FD0544 /* RoundedButton.swift in Sources */,
				4441A4041FBAD5880051C78D /* UIButton+DisclosureIcon.swift in Sources */,
				44B1A56A1FBB274600369623 /* HarassmentTypesController.swift in Sources */,
				4412409E1FB49B8600D70B48 /* CreateReportController.swift in Sources */,
				44572EC91FB1F42100FD0544 /* UIColor+FromHex.swift in Sources */,
				44F8E1EA1FB34CB9001ECA2B /* Harassment.swift in Sources */,
				44B1A5681FBAE16500369623 /* CreateReportTableController.swift in Sources */,
				44F8E1F01FB44767001ECA2B /* Location.swift in Sources */,
				44B1A56C1FBB3B3E00369623 /* HarassmentType.swift in Sources */,
				4441A4061FBAD5AF0051C78D /* UIImage+Alpha.swift in Sources */,
				44F8E1E81FB34C9E001ECA2B /* Report.swift in Sources */,
				4404E8071FACBB930086FE0C /* Pin.swift in Sources */,
				44F8E1EC1FB44012001ECA2B /* BottomPanelView.swift in Sources */,
				445FC6EE1FB4629A00C8EAB8 /* SummaryBar.swift in Sources */,
				44E207F01FA218AF00D11CE0 /* CreateUserController.swift in Sources */,
				446DEA1C1FA326E60086E7FD /* LoginController.swift in Sources */,
				44F8E1EE1FB442EB001ECA2B /* CatcallerApiFormatter.swift in Sources */,
			);
			runOnlyForDeploymentPostprocessing = 0;
		};
		44CE2AAF1FA1D63C0011E8A1 /* Sources */ = {
			isa = PBXSourcesBuildPhase;
			buildActionMask = 2147483647;
			files = (
				44CE2AB81FA1D63C0011E8A1 /* CatcallerTests.swift in Sources */,
			);
			runOnlyForDeploymentPostprocessing = 0;
		};
/* End PBXSourcesBuildPhase section */

/* Begin PBXTargetDependency section */
		44CE2AB51FA1D63C0011E8A1 /* PBXTargetDependency */ = {
			isa = PBXTargetDependency;
			target = 44CE2A9E1FA1D63B0011E8A1 /* Catcaller */;
			targetProxy = 44CE2AB41FA1D63C0011E8A1 /* PBXContainerItemProxy */;
		};
/* End PBXTargetDependency section */

/* Begin PBXVariantGroup section */
		44CE2AA61FA1D63C0011E8A1 /* Main.storyboard */ = {
			isa = PBXVariantGroup;
			children = (
				44CE2AA71FA1D63C0011E8A1 /* Base */,
			);
			name = Main.storyboard;
			sourceTree = "<group>";
		};
		44CE2AAB1FA1D63C0011E8A1 /* LaunchScreen.storyboard */ = {
			isa = PBXVariantGroup;
			children = (
				44CE2AAC1FA1D63C0011E8A1 /* Base */,
			);
			name = LaunchScreen.storyboard;
			sourceTree = "<group>";
		};
/* End PBXVariantGroup section */

/* Begin XCBuildConfiguration section */
		44CE2ABA1FA1D63C0011E8A1 /* Debug */ = {
			isa = XCBuildConfiguration;
			buildSettings = {
				ALWAYS_SEARCH_USER_PATHS = NO;
				CLANG_ANALYZER_NONNULL = YES;
				CLANG_ANALYZER_NUMBER_OBJECT_CONVERSION = YES_AGGRESSIVE;
				CLANG_CXX_LANGUAGE_STANDARD = "gnu++14";
				CLANG_CXX_LIBRARY = "libc++";
				CLANG_ENABLE_MODULES = YES;
				CLANG_ENABLE_OBJC_ARC = YES;
				CLANG_WARN_BLOCK_CAPTURE_AUTORELEASING = YES;
				CLANG_WARN_BOOL_CONVERSION = YES;
				CLANG_WARN_COMMA = YES;
				CLANG_WARN_CONSTANT_CONVERSION = YES;
				CLANG_WARN_DIRECT_OBJC_ISA_USAGE = YES_ERROR;
				CLANG_WARN_DOCUMENTATION_COMMENTS = YES;
				CLANG_WARN_EMPTY_BODY = YES;
				CLANG_WARN_ENUM_CONVERSION = YES;
				CLANG_WARN_INFINITE_RECURSION = YES;
				CLANG_WARN_INT_CONVERSION = YES;
				CLANG_WARN_NON_LITERAL_NULL_CONVERSION = YES;
				CLANG_WARN_OBJC_LITERAL_CONVERSION = YES;
				CLANG_WARN_OBJC_ROOT_CLASS = YES_ERROR;
				CLANG_WARN_RANGE_LOOP_ANALYSIS = YES;
				CLANG_WARN_STRICT_PROTOTYPES = YES;
				CLANG_WARN_SUSPICIOUS_MOVE = YES;
				CLANG_WARN_UNGUARDED_AVAILABILITY = YES_AGGRESSIVE;
				CLANG_WARN_UNREACHABLE_CODE = YES;
				CLANG_WARN__DUPLICATE_METHOD_MATCH = YES;
				CODE_SIGN_IDENTITY = "iPhone Developer";
				COPY_PHASE_STRIP = NO;
				DEBUG_INFORMATION_FORMAT = dwarf;
				ENABLE_STRICT_OBJC_MSGSEND = YES;
				ENABLE_TESTABILITY = YES;
				GCC_C_LANGUAGE_STANDARD = gnu11;
				GCC_DYNAMIC_NO_PIC = NO;
				GCC_NO_COMMON_BLOCKS = YES;
				GCC_OPTIMIZATION_LEVEL = 0;
				GCC_PREPROCESSOR_DEFINITIONS = (
					"DEBUG=1",
					"$(inherited)",
				);
				GCC_WARN_64_TO_32_BIT_CONVERSION = YES;
				GCC_WARN_ABOUT_RETURN_TYPE = YES_ERROR;
				GCC_WARN_UNDECLARED_SELECTOR = YES;
				GCC_WARN_UNINITIALIZED_AUTOS = YES_AGGRESSIVE;
				GCC_WARN_UNUSED_FUNCTION = YES;
				GCC_WARN_UNUSED_VARIABLE = YES;
				IPHONEOS_DEPLOYMENT_TARGET = 10.0;
				MTL_ENABLE_DEBUG_INFO = YES;
				ONLY_ACTIVE_ARCH = YES;
				SDKROOT = iphoneos;
				SWIFT_ACTIVE_COMPILATION_CONDITIONS = DEBUG;
				SWIFT_OPTIMIZATION_LEVEL = "-Onone";
			};
			name = Debug;
		};
		44CE2ABB1FA1D63C0011E8A1 /* Release */ = {
			isa = XCBuildConfiguration;
			buildSettings = {
				ALWAYS_SEARCH_USER_PATHS = NO;
				CLANG_ANALYZER_NONNULL = YES;
				CLANG_ANALYZER_NUMBER_OBJECT_CONVERSION = YES_AGGRESSIVE;
				CLANG_CXX_LANGUAGE_STANDARD = "gnu++14";
				CLANG_CXX_LIBRARY = "libc++";
				CLANG_ENABLE_MODULES = YES;
				CLANG_ENABLE_OBJC_ARC = YES;
				CLANG_WARN_BLOCK_CAPTURE_AUTORELEASING = YES;
				CLANG_WARN_BOOL_CONVERSION = YES;
				CLANG_WARN_COMMA = YES;
				CLANG_WARN_CONSTANT_CONVERSION = YES;
				CLANG_WARN_DIRECT_OBJC_ISA_USAGE = YES_ERROR;
				CLANG_WARN_DOCUMENTATION_COMMENTS = YES;
				CLANG_WARN_EMPTY_BODY = YES;
				CLANG_WARN_ENUM_CONVERSION = YES;
				CLANG_WARN_INFINITE_RECURSION = YES;
				CLANG_WARN_INT_CONVERSION = YES;
				CLANG_WARN_NON_LITERAL_NULL_CONVERSION = YES;
				CLANG_WARN_OBJC_LITERAL_CONVERSION = YES;
				CLANG_WARN_OBJC_ROOT_CLASS = YES_ERROR;
				CLANG_WARN_RANGE_LOOP_ANALYSIS = YES;
				CLANG_WARN_STRICT_PROTOTYPES = YES;
				CLANG_WARN_SUSPICIOUS_MOVE = YES;
				CLANG_WARN_UNGUARDED_AVAILABILITY = YES_AGGRESSIVE;
				CLANG_WARN_UNREACHABLE_CODE = YES;
				CLANG_WARN__DUPLICATE_METHOD_MATCH = YES;
				CODE_SIGN_IDENTITY = "iPhone Developer";
				COPY_PHASE_STRIP = NO;
				DEBUG_INFORMATION_FORMAT = "dwarf-with-dsym";
				ENABLE_NS_ASSERTIONS = NO;
				ENABLE_STRICT_OBJC_MSGSEND = YES;
				GCC_C_LANGUAGE_STANDARD = gnu11;
				GCC_NO_COMMON_BLOCKS = YES;
				GCC_WARN_64_TO_32_BIT_CONVERSION = YES;
				GCC_WARN_ABOUT_RETURN_TYPE = YES_ERROR;
				GCC_WARN_UNDECLARED_SELECTOR = YES;
				GCC_WARN_UNINITIALIZED_AUTOS = YES_AGGRESSIVE;
				GCC_WARN_UNUSED_FUNCTION = YES;
				GCC_WARN_UNUSED_VARIABLE = YES;
				IPHONEOS_DEPLOYMENT_TARGET = 10.0;
				MTL_ENABLE_DEBUG_INFO = NO;
				SDKROOT = iphoneos;
				SWIFT_OPTIMIZATION_LEVEL = "-Owholemodule";
				VALIDATE_PRODUCT = YES;
			};
			name = Release;
		};
		44CE2ABD1FA1D63C0011E8A1 /* Debug */ = {
			isa = XCBuildConfiguration;
			baseConfigurationReference = DC18508E44E1BE3F274E7A69 /* Pods-Catcaller.debug.xcconfig */;
			buildSettings = {
				ASSETCATALOG_COMPILER_APPICON_NAME = AppIcon;
				ASSETCATALOG_COMPILER_LAUNCHIMAGE_NAME = LaunchImage;
				CODE_SIGN_STYLE = Automatic;
				DEVELOPMENT_TEAM = 52556YM8X3;
				INFOPLIST_FILE = Catcaller/Info.plist;
				LD_RUNPATH_SEARCH_PATHS = "$(inherited) @executable_path/Frameworks";
				PRODUCT_BUNDLE_IDENTIFIER = com.ndreux.Catcaller;
				PRODUCT_NAME = "$(TARGET_NAME)";
				SWIFT_VERSION = 4.0;
				TARGETED_DEVICE_FAMILY = 1;
			};
			name = Debug;
		};
		44CE2ABE1FA1D63C0011E8A1 /* Release */ = {
			isa = XCBuildConfiguration;
			baseConfigurationReference = 3668988295C9526C3018BEA7 /* Pods-Catcaller.release.xcconfig */;
			buildSettings = {
				ASSETCATALOG_COMPILER_APPICON_NAME = AppIcon;
				ASSETCATALOG_COMPILER_LAUNCHIMAGE_NAME = LaunchImage;
				CODE_SIGN_STYLE = Automatic;
				DEVELOPMENT_TEAM = 52556YM8X3;
				INFOPLIST_FILE = Catcaller/Info.plist;
				LD_RUNPATH_SEARCH_PATHS = "$(inherited) @executable_path/Frameworks";
				PRODUCT_BUNDLE_IDENTIFIER = com.ndreux.Catcaller;
				PRODUCT_NAME = "$(TARGET_NAME)";
				SWIFT_VERSION = 4.0;
				TARGETED_DEVICE_FAMILY = 1;
			};
			name = Release;
		};
		44CE2AC01FA1D63C0011E8A1 /* Debug */ = {
			isa = XCBuildConfiguration;
			buildSettings = {
				ALWAYS_EMBED_SWIFT_STANDARD_LIBRARIES = YES;
				BUNDLE_LOADER = "$(TEST_HOST)";
				CODE_SIGN_STYLE = Automatic;
				DEVELOPMENT_TEAM = 52556YM8X3;
				INFOPLIST_FILE = CatcallerTests/Info.plist;
				LD_RUNPATH_SEARCH_PATHS = "$(inherited) @executable_path/Frameworks @loader_path/Frameworks";
				PRODUCT_BUNDLE_IDENTIFIER = com.ndreux.CatcallerTests;
				PRODUCT_NAME = "$(TARGET_NAME)";
				SWIFT_VERSION = 4.0;
				TARGETED_DEVICE_FAMILY = "1,2";
				TEST_HOST = "$(BUILT_PRODUCTS_DIR)/Catcaller.app/Catcaller";
			};
			name = Debug;
		};
		44CE2AC11FA1D63C0011E8A1 /* Release */ = {
			isa = XCBuildConfiguration;
			buildSettings = {
				ALWAYS_EMBED_SWIFT_STANDARD_LIBRARIES = YES;
				BUNDLE_LOADER = "$(TEST_HOST)";
				CODE_SIGN_STYLE = Automatic;
				DEVELOPMENT_TEAM = 52556YM8X3;
				INFOPLIST_FILE = CatcallerTests/Info.plist;
				LD_RUNPATH_SEARCH_PATHS = "$(inherited) @executable_path/Frameworks @loader_path/Frameworks";
				PRODUCT_BUNDLE_IDENTIFIER = com.ndreux.CatcallerTests;
				PRODUCT_NAME = "$(TARGET_NAME)";
				SWIFT_VERSION = 4.0;
				TARGETED_DEVICE_FAMILY = "1,2";
				TEST_HOST = "$(BUILT_PRODUCTS_DIR)/Catcaller.app/Catcaller";
			};
			name = Release;
		};
/* End XCBuildConfiguration section */

/* Begin XCConfigurationList section */
		44CE2A9A1FA1D63B0011E8A1 /* Build configuration list for PBXProject "Catcaller" */ = {
			isa = XCConfigurationList;
			buildConfigurations = (
				44CE2ABA1FA1D63C0011E8A1 /* Debug */,
				44CE2ABB1FA1D63C0011E8A1 /* Release */,
			);
			defaultConfigurationIsVisible = 0;
			defaultConfigurationName = Release;
		};
		44CE2ABC1FA1D63C0011E8A1 /* Build configuration list for PBXNativeTarget "Catcaller" */ = {
			isa = XCConfigurationList;
			buildConfigurations = (
				44CE2ABD1FA1D63C0011E8A1 /* Debug */,
				44CE2ABE1FA1D63C0011E8A1 /* Release */,
			);
			defaultConfigurationIsVisible = 0;
			defaultConfigurationName = Release;
		};
		44CE2ABF1FA1D63C0011E8A1 /* Build configuration list for PBXNativeTarget "CatcallerTests" */ = {
			isa = XCConfigurationList;
			buildConfigurations = (
				44CE2AC01FA1D63C0011E8A1 /* Debug */,
				44CE2AC11FA1D63C0011E8A1 /* Release */,
			);
			defaultConfigurationIsVisible = 0;
			defaultConfigurationName = Release;
		};
/* End XCConfigurationList section */
	};
	rootObject = 44CE2A971FA1D63B0011E8A1 /* Project object */;
}
